
Microsoft Visual Studio Solution File, Format Version 12.00
# Visual Studio Version 17
VisualStudioVersion = 17.11.35327.3
MinimumVisualStudioVersion = 10.0.40219.1
Project("{9A19103F-16F7-4668-BE54-9A1E7A4F7556}") = "MongoDBIndexer", "MongoDBIndexer\MongoDBIndexer.csproj", "{D4921055-155D-4740-9632-DFC961B22CE4}"
EndProject
Project("{9A19103F-16F7-4668-BE54-9A1E7A4F7556}") = "MongoDBLib", "MongoDBLib\MongoDBLib.csproj", "{F916CA2A-5232-4253-B37F-693A7B61C74C}"
EndProject
Project("{9A19103F-16F7-4668-BE54-9A1E7A4F7556}") = "MongoDBWebApp", "MongoDBWebApp\MongoDBWebApp.csproj", "{0D118D4A-CEB4-48D8-94C0-F07F00A1883A}"
EndProject
Global
	GlobalSection(SolutionConfigurationPlatforms) = preSolution
		Debug|Any CPU = Debug|Any CPU
		Release|Any CPU = Release|Any CPU
	EndGlobalSection
	GlobalSection(ProjectConfigurationPlatforms) = postSolution
		{D4921055-155D-4740-9632-DFC961B22CE4}.Debug|Any CPU.ActiveCfg = Debug|Any CPU
		{D4921055-155D-4740-9632-DFC961B22CE4}.Debug|Any CPU.Build.0 = Debug|Any CPU
		{D4921055-155D-4740-9632-DFC961B22CE4}.Release|Any CPU.ActiveCfg = Release|Any CPU
		{D4921055-155D-4740-9632-DFC961B22CE4}.Release|Any CPU.Build.0 = Release|Any CPU
		{F916CA2A-5232-4253-B37F-693A7B61C74C}.Debug|Any CPU.ActiveCfg = Debug|Any CPU
		{F916CA2A-5232-4253-B37F-693A7B61C74C}.Debug|Any CPU.Build.0 = Debug|Any CPU
		{F916CA2A-5232-4253-B37F-693A7B61C74C}.Release|Any CPU.ActiveCfg = Release|Any CPU
		{F916CA2A-5232-4253-B37F-693A7B61C74C}.Release|Any CPU.Build.0 = Release|Any CPU
		{0D118D4A-CEB4-48D8-94C0-F07F00A1883A}.Debug|Any CPU.ActiveCfg = Debug|Any CPU
		{0D118D4A-CEB4-48D8-94C0-F07F00A1883A}.Debug|Any CPU.Build.0 = Debug|Any CPU
		{0D118D4A-CEB4-48D8-94C0-F07F00A1883A}.Release|Any CPU.ActiveCfg = Release|Any CPU
		{0D118D4A-CEB4-48D8-94C0-F07F00A1883A}.Release|Any CPU.Build.0 = Release|Any CPU
	EndGlobalSection
	GlobalSection(SolutionProperties) = preSolution
		HideSolutionNode = FALSE
	EndGlobalSection
	GlobalSection(ExtensibilityGlobals) = postSolution
		SolutionGuid = {34C41C41-99C2-43BF-B3A3-6B9BEA110DAF}
	EndGlobalSection
EndGlobal
